
Microsoft Visual Studio Solution File, Format Version 12.00
# Visual Studio Version 16
VisualStudioVersion = 16.0.28803.202
MinimumVisualStudioVersion = 10.0.40219.1
Project("{FAE04EC0-301F-11D3-BF4B-00C04F79EFBC}") = "TextJustifyByWebView.UWP", "TextJustifyByWebView\TextJustifyByWebView.UWP\TextJustifyByWebView.UWP.csproj", "{299FAF86-D664-4ED6-A38B-FF9BF08C5491}"
EndProject
Project("{FAE04EC0-301F-11D3-BF4B-00C04F79EFBC}") = "TextJustifyByWebView.Android", "TextJustifyByWebView\TextJustifyByWebView.Android\TextJustifyByWebView.Android.csproj", "{8BEFE965-2BFD-4D3F-8525-2BF25EC77F6B}"
EndProject
Project("{FAE04EC0-301F-11D3-BF4B-00C04F79EFBC}") = "TextJustifyByWebView.iOS", "TextJustifyByWebView\TextJustifyByWebView.iOS\TextJustifyByWebView.iOS.csproj", "{74618BAB-ADED-4964-BBD1-81747115EBFC}"
EndProject
Project("{FAE04EC0-301F-11D3-BF4B-00C04F79EFBC}") = "TextJustifyByWebView", "TextJustifyByWebView\TextJustifyByWebView\TextJustifyByWebView.csproj", "{75ABDD29-9AF3-4FC3-88CD-FFFD1CB233F4}"
EndProject
Global
	GlobalSection(SolutionConfigurationPlatforms) = preSolution
		Debug|Any CPU = Debug|Any CPU
		Debug|ARM = Debug|ARM
		Debug|iPhone = Debug|iPhone
		Debug|iPhoneSimulator = Debug|iPhoneSimulator
		Debug|x64 = Debug|x64
		Debug|x86 = Debug|x86
		Release|Any CPU = Release|Any CPU
		Release|ARM = Release|ARM
		Release|iPhone = Release|iPhone
		Release|iPhoneSimulator = Release|iPhoneSimulator
		Release|x64 = Release|x64
		Release|x86 = Release|x86
	EndGlobalSection
	GlobalSection(ProjectConfigurationPlatforms) = postSolution
		{299FAF86-D664-4ED6-A38B-FF9BF08C5491}.Debug|Any CPU.ActiveCfg = Debug|x86
		{299FAF86-D664-4ED6-A38B-FF9BF08C5491}.Debug|Any CPU.Build.0 = Debug|x86
		{299FAF86-D664-4ED6-A38B-FF9BF08C5491}.Debug|Any CPU.Deploy.0 = Debug|x86
		{299FAF86-D664-4ED6-A38B-FF9BF08C5491}.Debug|ARM.ActiveCfg = Debug|ARM
		{299FAF86-D664-4ED6-A38B-FF9BF08C5491}.Debug|ARM.Build.0 = Debug|ARM
		{299FAF86-D664-4ED6-A38B-FF9BF08C5491}.Debug|ARM.Deploy.0 = Debug|ARM
		{299FAF86-D664-4ED6-A38B-FF9BF08C5491}.Debug|iPhone.ActiveCfg = Debug|x86
		{299FAF86-D664-4ED6-A38B-FF9BF08C5491}.Debug|iPhone.Build.0 = Debug|x86
		{299FAF86-D664-4ED6-A38B-FF9BF08C5491}.Debug|iPhone.Deploy.0 = Debug|x86
		{299FAF86-D664-4ED6-A38B-FF9BF08C5491}.Debug|iPhoneSimulator.ActiveCfg = Debug|x86
		{299FAF86-D664-4ED6-A38B-FF9BF08C5491}.Debug|iPhoneSimulator.Build.0 = Debug|x86
		{299FAF86-D664-4ED6-A38B-FF9BF08C5491}.Debug|iPhoneSimulator.Deploy.0 = Debug|x86
		{299FAF86-D664-4ED6-A38B-FF9BF08C5491}.Debug|x64.ActiveCfg = Debug|x64
		{299FAF86-D664-4ED6-A38B-FF9BF08C5491}.Debug|x64.Build.0 = Debug|x64
		{299FAF86-D664-4ED6-A38B-FF9BF08C5491}.Debug|x64.Deploy.0 = Debug|x64
		{299FAF86-D664-4ED6-A38B-FF9BF08C5491}.Debug|x86.ActiveCfg = Debug|x86
		{299FAF86-D664-4ED6-A38B-FF9BF08C5491}.Debug|x86.Build.0 = Debug|x86
		{299FAF86-D664-4ED6-A38B-FF9BF08C5491}.Debug|x86.Deploy.0 = Debug|x86
		{299FAF86-D664-4ED6-A38B-FF9BF08C5491}.Release|Any CPU.ActiveCfg = Release|x86
		{299FAF86-D664-4ED6-A38B-FF9BF08C5491}.Release|Any CPU.Build.0 = Release|x86
		{299FAF86-D664-4ED6-A38B-FF9BF08C5491}.Release|Any CPU.Deploy.0 = Release|x86
		{299FAF86-D664-4ED6-A38B-FF9BF08C5491}.Release|ARM.ActiveCfg = Release|ARM
		{299FAF86-D664-4ED6-A38B-FF9BF08C5491}.Release|ARM.Build.0 = Release|ARM
		{299FAF86-D664-4ED6-A38B-FF9BF08C5491}.Release|ARM.Deploy.0 = Release|ARM
		{299FAF86-D664-4ED6-A38B-FF9BF08C5491}.Release|iPhone.ActiveCfg = Release|x86
		{299FAF86-D664-4ED6-A38B-FF9BF08C5491}.Release|iPhone.Build.0 = Release|x86
		{299FAF86-D664-4ED6-A38B-FF9BF08C5491}.Release|iPhone.Deploy.0 = Release|x86
		{299FAF86-D664-4ED6-A38B-FF9BF08C5491}.Release|iPhoneSimulator.ActiveCfg = Release|x86
		{299FAF86-D664-4ED6-A38B-FF9BF08C5491}.Release|iPhoneSimulator.Build.0 = Release|x86
		{299FAF86-D664-4ED6-A38B-FF9BF08C5491}.Release|iPhoneSimulator.Deploy.0 = Release|x86
		{299FAF86-D664-4ED6-A38B-FF9BF08C5491}.Release|x64.ActiveCfg = Release|x64
		{299FAF86-D664-4ED6-A38B-FF9BF08C5491}.Release|x64.Build.0 = Release|x64
		{299FAF86-D664-4ED6-A38B-FF9BF08C5491}.Release|x64.Deploy.0 = Release|x64
		{299FAF86-D664-4ED6-A38B-FF9BF08C5491}.Release|x86.ActiveCfg = Release|x86
		{299FAF86-D664-4ED6-A38B-FF9BF08C5491}.Release|x86.Build.0 = Release|x86
		{299FAF86-D664-4ED6-A38B-FF9BF08C5491}.Release|x86.Deploy.0 = Release|x86
		{8BEFE965-2BFD-4D3F-8525-2BF25EC77F6B}.Debug|Any CPU.ActiveCfg = Debug|Any CPU
		{8BEFE965-2BFD-4D3F-8525-2BF25EC77F6B}.Debug|Any CPU.Build.0 = Debug|Any CPU
		{8BEFE965-2BFD-4D3F-8525-2BF25EC77F6B}.Debug|Any CPU.Deploy.0 = Debug|Any CPU
		{8BEFE965-2BFD-4D3F-8525-2BF25EC77F6B}.Debug|ARM.ActiveCfg = Debug|Any CPU
		{8BEFE965-2BFD-4D3F-8525-2BF25EC77F6B}.Debug|ARM.Build.0 = Debug|Any CPU
		{8BEFE965-2BFD-4D3F-8525-2BF25EC77F6B}.Debug|ARM.Deploy.0 = Debug|Any CPU
		{8BEFE965-2BFD-4D3F-8525-2BF25EC77F6B}.Debug|iPhone.ActiveCfg = Debug|Any CPU
		{8BEFE965-2BFD-4D3F-8525-2BF25EC77F6B}.Debug|iPhone.Build.0 = Debug|Any CPU
		{8BEFE965-2BFD-4D3F-8525-2BF25EC77F6B}.Debug|iPhone.Deploy.0 = Debug|Any CPU
		{8BEFE965-2BFD-4D3F-8525-2BF25EC77F6B}.Debug|iPhoneSimulator.ActiveCfg = Debug|Any CPU
		{8BEFE965-2BFD-4D3F-8525-2BF25EC77F6B}.Debug|iPhoneSimulator.Build.0 = Debug|Any CPU
		{8BEFE965-2BFD-4D3F-8525-2BF25EC77F6B}.Debug|iPhoneSimulator.Deploy.0 = Debug|Any CPU
		{8BEFE965-2BFD-4D3F-8525-2BF25EC77F6B}.Debug|x64.ActiveCfg = Debug|Any CPU
		{8BEFE965-2BFD-4D3F-8525-2BF25EC77F6B}.Debug|x64.Build.0 = Debug|Any CPU
		{8BEFE965-2BFD-4D3F-8525-2BF25EC77F6B}.Debug|x64.Deploy.0 = Debug|Any CPU
		{8BEFE965-2BFD-4D3F-8525-2BF25EC77F6B}.Debug|x86.ActiveCfg = Debug|Any CPU
		{8BEFE965-2BFD-4D3F-8525-2BF25EC77F6B}.Debug|x86.Build.0 = Debug|Any CPU
		{8BEFE965-2BFD-4D3F-8525-2BF25EC77F6B}.Debug|x86.Deploy.0 = Debug|Any CPU
		{8BEFE965-2BFD-4D3F-8525-2BF25EC77F6B}.Release|Any CPU.ActiveCfg = Release|Any CPU
		{8BEFE965-2BFD-4D3F-8525-2BF25EC77F6B}.Release|Any CPU.Build.0 = Release|Any CPU
		{8BEFE965-2BFD-4D3F-8525-2BF25EC77F6B}.Release|Any CPU.Deploy.0 = Release|Any CPU
		{8BEFE965-2BFD-4D3F-8525-2BF25EC77F6B}.Release|ARM.ActiveCfg = Release|Any CPU
		{8BEFE965-2BFD-4D3F-8525-2BF25EC77F6B}.Release|ARM.Build.0 = Release|Any CPU
		{8BEFE965-2BFD-4D3F-8525-2BF25EC77F6B}.Release|ARM.Deploy.0 = Release|Any CPU
		{8BEFE965-2BFD-4D3F-8525-2BF25EC77F6B}.Release|iPhone.ActiveCfg = Release|Any CPU
		{8BEFE965-2BFD-4D3F-8525-2BF25EC77F6B}.Release|iPhone.Build.0 = Release|Any CPU
		{8BEFE965-2BFD-4D3F-8525-2BF25EC77F6B}.Release|iPhone.Deploy.0 = Release|Any CPU
		{8BEFE965-2BFD-4D3F-8525-2BF25EC77F6B}.Release|iPhoneSimulator.ActiveCfg = Release|Any CPU
		{8BEFE965-2BFD-4D3F-8525-2BF25EC77F6B}.Release|iPhoneSimulator.Build.0 = Release|Any CPU
		{8BEFE965-2BFD-4D3F-8525-2BF25EC77F6B}.Release|iPhoneSimulator.Deploy.0 = Release|Any CPU
		{8BEFE965-2BFD-4D3F-8525-2BF25EC77F6B}.Release|x64.ActiveCfg = Release|Any CPU
		{8BEFE965-2BFD-4D3F-8525-2BF25EC77F6B}.Release|x64.Build.0 = Release|Any CPU
		{8BEFE965-2BFD-4D3F-8525-2BF25EC77F6B}.Release|x64.Deploy.0 = Release|Any CPU
		{8BEFE965-2BFD-4D3F-8525-2BF25EC77F6B}.Release|x86.ActiveCfg = Release|Any CPU
		{8BEFE965-2BFD-4D3F-8525-2BF25EC77F6B}.Release|x86.Build.0 = Release|Any CPU
		{8BEFE965-2BFD-4D3F-8525-2BF25EC77F6B}.Release|x86.Deploy.0 = Release|Any CPU
		{74618BAB-ADED-4964-BBD1-81747115EBFC}.Debug|Any CPU.ActiveCfg = Debug|iPhone
		{74618BAB-ADED-4964-BBD1-81747115EBFC}.Debug|Any CPU.Build.0 = Debug|iPhone
		{74618BAB-ADED-4964-BBD1-81747115EBFC}.Debug|Any CPU.Deploy.0 = Debug|iPhone
		{74618BAB-ADED-4964-BBD1-81747115EBFC}.Debug|ARM.ActiveCfg = Debug|iPhoneSimulator
		{74618BAB-ADED-4964-BBD1-81747115EBFC}.Debug|ARM.Build.0 = Debug|iPhoneSimulator
		{74618BAB-ADED-4964-BBD1-81747115EBFC}.Debug|ARM.Deploy.0 = Debug|iPhoneSimulator
		{74618BAB-ADED-4964-BBD1-81747115EBFC}.Debug|iPhone.ActiveCfg = Debug|iPhone
		{74618BAB-ADED-4964-BBD1-81747115EBFC}.Debug|iPhone.Build.0 = Debug|iPhone
		{74618BAB-ADED-4964-BBD1-81747115EBFC}.Debug|iPhone.Deploy.0 = Debug|iPhone
		{74618BAB-ADED-4964-BBD1-81747115EBFC}.Debug|iPhoneSimulator.ActiveCfg = Debug|iPhoneSimulator
		{74618BAB-ADED-4964-BBD1-81747115EBFC}.Debug|iPhoneSimulator.Build.0 = Debug|iPhoneSimulator
		{74618BAB-ADED-4964-BBD1-81747115EBFC}.Debug|iPhoneSimulator.Deploy.0 = Debug|iPhoneSimulator
		{74618BAB-ADED-4964-BBD1-81747115EBFC}.Debug|x64.ActiveCfg = Debug|iPhone
		{74618BAB-ADED-4964-BBD1-81747115EBFC}.Debug|x64.Build.0 = Debug|iPhone
		{74618BAB-ADED-4964-BBD1-81747115EBFC}.Debug|x64.Deploy.0 = Debug|iPhone
		{74618BAB-ADED-4964-BBD1-81747115EBFC}.Debug|x86.ActiveCfg = Debug|iPhone
		{74618BAB-ADED-4964-BBD1-81747115EBFC}.Debug|x86.Build.0 = Debug|iPhone
		{74618BAB-ADED-4964-BBD1-81747115EBFC}.Debug|x86.Deploy.0 = Debug|iPhone
		{74618BAB-ADED-4964-BBD1-81747115EBFC}.Release|Any CPU.ActiveCfg = Release|iPhone
		{74618BAB-ADED-4964-BBD1-81747115EBFC}.Release|Any CPU.Build.0 = Release|iPhone
		{74618BAB-ADED-4964-BBD1-81747115EBFC}.Release|Any CPU.Deploy.0 = Release|iPhone
		{74618BAB-ADED-4964-BBD1-81747115EBFC}.Release|ARM.ActiveCfg = Release|iPhone
		{74618BAB-ADED-4964-BBD1-81747115EBFC}.Release|ARM.Build.0 = Release|iPhone
		{74618BAB-ADED-4964-BBD1-81747115EBFC}.Release|ARM.Deploy.0 = Release|iPhone
		{74618BAB-ADED-4964-BBD1-81747115EBFC}.Release|iPhone.ActiveCfg = Release|iPhone
		{74618BAB-ADED-4964-BBD1-81747115EBFC}.Release|iPhone.Build.0 = Release|iPhone
		{74618BAB-ADED-4964-BBD1-81747115EBFC}.Release|iPhone.Deploy.0 = Release|iPhone
		{74618BAB-ADED-4964-BBD1-81747115EBFC}.Release|iPhoneSimulator.ActiveCfg = Release|iPhoneSimulator
		{74618BAB-ADED-4964-BBD1-81747115EBFC}.Release|iPhoneSimulator.Build.0 = Release|iPhoneSimulator
		{74618BAB-ADED-4964-BBD1-81747115EBFC}.Release|iPhoneSimulator.Deploy.0 = Release|iPhoneSimulator
		{74618BAB-ADED-4964-BBD1-81747115EBFC}.Release|x64.ActiveCfg = Release|iPhone
		{74618BAB-ADED-4964-BBD1-81747115EBFC}.Release|x64.Build.0 = Release|iPhone
		{74618BAB-ADED-4964-BBD1-81747115EBFC}.Release|x64.Deploy.0 = Release|iPhone
		{74618BAB-ADED-4964-BBD1-81747115EBFC}.Release|x86.ActiveCfg = Release|iPhone
		{74618BAB-ADED-4964-BBD1-81747115EBFC}.Release|x86.Build.0 = Release|iPhone
		{74618BAB-ADED-4964-BBD1-81747115EBFC}.Release|x86.Deploy.0 = Release|iPhone
		{75ABDD29-9AF3-4FC3-88CD-FFFD1CB233F4}.Debug|Any CPU.ActiveCfg = Debug|Any CPU
		{75ABDD29-9AF3-4FC3-88CD-FFFD1CB233F4}.Debug|Any CPU.Build.0 = Debug|Any CPU
		{75ABDD29-9AF3-4FC3-88CD-FFFD1CB233F4}.Debug|Any CPU.Deploy.0 = Debug|Any CPU
		{75ABDD29-9AF3-4FC3-88CD-FFFD1CB233F4}.Debug|ARM.ActiveCfg = Debug|Any CPU
		{75ABDD29-9AF3-4FC3-88CD-FFFD1CB233F4}.Debug|ARM.Build.0 = Debug|Any CPU
		{75ABDD29-9AF3-4FC3-88CD-FFFD1CB233F4}.Debug|ARM.Deploy.0 = Debug|Any CPU
		{75ABDD29-9AF3-4FC3-88CD-FFFD1CB233F4}.Debug|iPhone.ActiveCfg = Debug|Any CPU
		{75ABDD29-9AF3-4FC3-88CD-FFFD1CB233F4}.Debug|iPhone.Build.0 = Debug|Any CPU
		{75ABDD29-9AF3-4FC3-88CD-FFFD1CB233F4}.Debug|iPhone.Deploy.0 = Debug|Any CPU
		{75ABDD29-9AF3-4FC3-88CD-FFFD1CB233F4}.Debug|iPhoneSimulator.ActiveCfg = Debug|Any CPU
		{75ABDD29-9AF3-4FC3-88CD-FFFD1CB233F4}.Debug|iPhoneSimulator.Build.0 = Debug|Any CPU
		{75ABDD29-9AF3-4FC3-88CD-FFFD1CB233F4}.Debug|iPhoneSimulator.Deploy.0 = Debug|Any CPU
		{75ABDD29-9AF3-4FC3-88CD-FFFD1CB233F4}.Debug|x64.ActiveCfg = Debug|Any CPU
		{75ABDD29-9AF3-4FC3-88CD-FFFD1CB233F4}.Debug|x64.Build.0 = Debug|Any CPU
		{75ABDD29-9AF3-4FC3-88CD-FFFD1CB233F4}.Debug|x64.Deploy.0 = Debug|Any CPU
		{75ABDD29-9AF3-4FC3-88CD-FFFD1CB233F4}.Debug|x86.ActiveCfg = Debug|Any CPU
		{75ABDD29-9AF3-4FC3-88CD-FFFD1CB233F4}.Debug|x86.Build.0 = Debug|Any CPU
		{75ABDD29-9AF3-4FC3-88CD-FFFD1CB233F4}.Debug|x86.Deploy.0 = Debug|Any CPU
		{75ABDD29-9AF3-4FC3-88CD-FFFD1CB233F4}.Release|Any CPU.ActiveCfg = Release|Any CPU
		{75ABDD29-9AF3-4FC3-88CD-FFFD1CB233F4}.Release|Any CPU.Build.0 = Release|Any CPU
		{75ABDD29-9AF3-4FC3-88CD-FFFD1CB233F4}.Release|Any CPU.Deploy.0 = Release|Any CPU
		{75ABDD29-9AF3-4FC3-88CD-FFFD1CB233F4}.Release|ARM.ActiveCfg = Release|Any CPU
		{75ABDD29-9AF3-4FC3-88CD-FFFD1CB233F4}.Release|ARM.Build.0 = Release|Any CPU
		{75ABDD29-9AF3-4FC3-88CD-FFFD1CB233F4}.Release|ARM.Deploy.0 = Release|Any CPU
		{75ABDD29-9AF3-4FC3-88CD-FFFD1CB233F4}.Release|iPhone.ActiveCfg = Release|Any CPU
		{75ABDD29-9AF3-4FC3-88CD-FFFD1CB233F4}.Release|iPhone.Build.0 = Release|Any CPU
		{75ABDD29-9AF3-4FC3-88CD-FFFD1CB233F4}.Release|iPhone.Deploy.0 = Release|Any CPU
		{75ABDD29-9AF3-4FC3-88CD-FFFD1CB233F4}.Release|iPhoneSimulator.ActiveCfg = Release|Any CPU
		{75ABDD29-9AF3-4FC3-88CD-FFFD1CB233F4}.Release|iPhoneSimulator.Build.0 = Release|Any CPU
		{75ABDD29-9AF3-4FC3-88CD-FFFD1CB233F4}.Release|iPhoneSimulator.Deploy.0 = Release|Any CPU
		{75ABDD29-9AF3-4FC3-88CD-FFFD1CB233F4}.Release|x64.ActiveCfg = Release|Any CPU
		{75ABDD29-9AF3-4FC3-88CD-FFFD1CB233F4}.Release|x64.Build.0 = Release|Any CPU
		{75ABDD29-9AF3-4FC3-88CD-FFFD1CB233F4}.Release|x64.Deploy.0 = Release|Any CPU
		{75ABDD29-9AF3-4FC3-88CD-FFFD1CB233F4}.Release|x86.ActiveCfg = Release|Any CPU
		{75ABDD29-9AF3-4FC3-88CD-FFFD1CB233F4}.Release|x86.Build.0 = Release|Any CPU
		{75ABDD29-9AF3-4FC3-88CD-FFFD1CB233F4}.Release|x86.Deploy.0 = Release|Any CPU
	EndGlobalSection
	GlobalSection(SolutionProperties) = preSolution
		HideSolutionNode = FALSE
	EndGlobalSection
	GlobalSection(ExtensibilityGlobals) = postSolution
		SolutionGuid = {D2094855-DA37-41E8-ABAF-6AD2348A1786}
	EndGlobalSection
EndGlobal
